
Microsoft Visual Studio Solution File, Format Version 12.00
# Visual Studio Version 16
VisualStudioVersion = 16.0.32602.291
MinimumVisualStudioVersion = 10.0.40219.1
Project("{FAE04EC0-301F-11D3-BF4B-00C04F79EFBC}") = "MQTTTest", "MQTTTest.csproj", "{AE8726B0-04A1-4DB5-A9A9-586D8710227B}"
EndProject
Global
	GlobalSection(SolutionConfigurationPlatforms) = preSolution
		Debug|Any CPU = Debug|Any CPU
		Release|Any CPU = Release|Any CPU
	EndGlobalSection
	GlobalSection(ProjectConfigurationPlatforms) = postSolution
		{AE8726B0-04A1-4DB5-A9A9-586D8710227B}.Debug|Any CPU.ActiveCfg = Debug|Any CPU
		{AE8726B0-04A1-4DB5-A9A9-586D8710227B}.Debug|Any CPU.Build.0 = Debug|Any CPU
		{AE8726B0-04A1-4DB5-A9A9-586D8710227B}.Release|Any CPU.ActiveCfg = Release|Any CPU
		{AE8726B0-04A1-4DB5-A9A9-586D8710227B}.Release|Any CPU.Build.0 = Release|Any CPU
	EndGlobalSection
	GlobalSection(SolutionProperties) = preSolution
		HideSolutionNode = FALSE
	EndGlobalSection
	GlobalSection(ExtensibilityGlobals) = postSolution
		SolutionGuid = {34E113DD-0647-4F01-B796-A18A5CA638BF}
	EndGlobalSection
EndGlobal
